
Microsoft Visual Studio Solution File, Format Version 12.00
# Visual Studio Version 16
VisualStudioVersion = 16.0.30114.105
MinimumVisualStudioVersion = 10.0.40219.1
Project("{9A19103F-16F7-4668-BE54-9A1E7A4F7556}") = "OnnxEstimator", "OnnxEstimator\OnnxEstimator.csproj", "{29D346BC-F324-40C6-9AA7-DCE2CFC6ECF0}"
EndProject
Project("{9A19103F-16F7-4668-BE54-9A1E7A4F7556}") = "TreeSearchLib", "TreeSearch\TreeSearchLib.csproj", "{0491B5DD-1CE9-4335-81B9-88C6A05FABE6}"
EndProject
Project("{9A19103F-16F7-4668-BE54-9A1E7A4F7556}") = "GomokuLib", "GomokuLib\GomokuLib.csproj", "{38D2825E-8912-4B9F-BBAF-ADBE4B595501}"
EndProject
Project("{FAE04EC0-301F-11D3-BF4B-00C04F79EFBC}") = "OnnxEstimatorLib", "OnnxEstimatorCore\OnnxEstimatorLib.csproj", "{975B87E0-C958-411D-8868-8E717811AF95}"
EndProject
Global
	GlobalSection(SolutionConfigurationPlatforms) = preSolution
		Debug|Any CPU = Debug|Any CPU
		Release|Any CPU = Release|Any CPU
	EndGlobalSection
	GlobalSection(ProjectConfigurationPlatforms) = postSolution
		{29D346BC-F324-40C6-9AA7-DCE2CFC6ECF0}.Debug|Any CPU.ActiveCfg = Debug|Any CPU
		{29D346BC-F324-40C6-9AA7-DCE2CFC6ECF0}.Debug|Any CPU.Build.0 = Debug|Any CPU
		{29D346BC-F324-40C6-9AA7-DCE2CFC6ECF0}.Release|Any CPU.ActiveCfg = Release|Any CPU
		{29D346BC-F324-40C6-9AA7-DCE2CFC6ECF0}.Release|Any CPU.Build.0 = Release|Any CPU
		{0491B5DD-1CE9-4335-81B9-88C6A05FABE6}.Debug|Any CPU.ActiveCfg = Debug|Any CPU
		{0491B5DD-1CE9-4335-81B9-88C6A05FABE6}.Debug|Any CPU.Build.0 = Debug|Any CPU
		{0491B5DD-1CE9-4335-81B9-88C6A05FABE6}.Release|Any CPU.ActiveCfg = Release|Any CPU
		{0491B5DD-1CE9-4335-81B9-88C6A05FABE6}.Release|Any CPU.Build.0 = Release|Any CPU
		{38D2825E-8912-4B9F-BBAF-ADBE4B595501}.Debug|Any CPU.ActiveCfg = Debug|Any CPU
		{38D2825E-8912-4B9F-BBAF-ADBE4B595501}.Debug|Any CPU.Build.0 = Debug|Any CPU
		{38D2825E-8912-4B9F-BBAF-ADBE4B595501}.Release|Any CPU.ActiveCfg = Release|Any CPU
		{38D2825E-8912-4B9F-BBAF-ADBE4B595501}.Release|Any CPU.Build.0 = Release|Any CPU
		{975B87E0-C958-411D-8868-8E717811AF95}.Debug|Any CPU.ActiveCfg = Debug|Any CPU
		{975B87E0-C958-411D-8868-8E717811AF95}.Debug|Any CPU.Build.0 = Debug|Any CPU
		{975B87E0-C958-411D-8868-8E717811AF95}.Release|Any CPU.ActiveCfg = Release|Any CPU
		{975B87E0-C958-411D-8868-8E717811AF95}.Release|Any CPU.Build.0 = Release|Any CPU
	EndGlobalSection
	GlobalSection(SolutionProperties) = preSolution
		HideSolutionNode = FALSE
	EndGlobalSection
	GlobalSection(ExtensibilityGlobals) = postSolution
		SolutionGuid = {F6A71E52-19E8-4DD0-847C-C99019B534BD}
	EndGlobalSection
EndGlobal
